
Microsoft Visual Studio Solution File, Format Version 12.00
# Visual Studio Version 17
VisualStudioVersion = 17.9.34414.90
MinimumVisualStudioVersion = 10.0.40219.1
Project("{2150E333-8FDC-42A3-9474-1A3956D46DE8}") = "Application", "Application", "{4BDE78BB-4D3A-441C-AC26-639A3650B0CA}"
EndProject
Project("{2150E333-8FDC-42A3-9474-1A3956D46DE8}") = "Infrastructure", "Infrastructure", "{D908AC46-357A-4A0B-8187-77932522DAC4}"
EndProject
Project("{2150E333-8FDC-42A3-9474-1A3956D46DE8}") = "Presentation", "Presentation", "{2E278046-CB9F-4AF8-83B0-0E162471114E}"
EndProject
Project("{FAE04EC0-301F-11D3-BF4B-00C04F79EFBC}") = "Forum.Entities", "Forum.Entities\Forum.Entities.csproj", "{B48E12FA-FBE9-4DC5-85EA-7607661A7139}"
EndProject
Project("{FAE04EC0-301F-11D3-BF4B-00C04F79EFBC}") = "Forum.Data", "Forum.Data\Forum.Data.csproj", "{54D3C151-E1EA-48B5-8635-007DB2D87DAC}"
EndProject
Project("{FAE04EC0-301F-11D3-BF4B-00C04F79EFBC}") = "Forum.Models", "Forum.Models\Forum.Models.csproj", "{CD069D1E-7CEC-4014-B565-2517F5F897C7}"
EndProject
Project("{FAE04EC0-301F-11D3-BF4B-00C04F79EFBC}") = "Forum.Services", "Forum.Services\Forum.Services.csproj", "{4B7A7D38-C12B-40DA-91CE-02965EC5A600}"
EndProject
Project("{FAE04EC0-301F-11D3-BF4B-00C04F79EFBC}") = "Forum.Contracts", "Forum.Contracts\Forum.Contracts.csproj", "{F52F58C8-1877-4473-8BBD-7194FD398E58}"
EndProject
Project("{FAE04EC0-301F-11D3-BF4B-00C04F79EFBC}") = "Forum.API", "Forum.API\Forum.API.csproj", "{90D5AFD4-FE3D-4808-8ED1-C856846464C1}"
EndProject
Project("{FAE04EC0-301F-11D3-BF4B-00C04F79EFBC}") = "Forum.Repositories", "Forum.Repositories\Forum.Repositories.csproj", "{A696740D-6145-47FF-8642-D5495925A083}"
EndProject
Global
	GlobalSection(SolutionConfigurationPlatforms) = preSolution
		Debug|Any CPU = Debug|Any CPU
		Release|Any CPU = Release|Any CPU
	EndGlobalSection
	GlobalSection(ProjectConfigurationPlatforms) = postSolution
		{B48E12FA-FBE9-4DC5-85EA-7607661A7139}.Debug|Any CPU.ActiveCfg = Debug|Any CPU
		{B48E12FA-FBE9-4DC5-85EA-7607661A7139}.Debug|Any CPU.Build.0 = Debug|Any CPU
		{B48E12FA-FBE9-4DC5-85EA-7607661A7139}.Release|Any CPU.ActiveCfg = Release|Any CPU
		{B48E12FA-FBE9-4DC5-85EA-7607661A7139}.Release|Any CPU.Build.0 = Release|Any CPU
		{54D3C151-E1EA-48B5-8635-007DB2D87DAC}.Debug|Any CPU.ActiveCfg = Debug|Any CPU
		{54D3C151-E1EA-48B5-8635-007DB2D87DAC}.Debug|Any CPU.Build.0 = Debug|Any CPU
		{54D3C151-E1EA-48B5-8635-007DB2D87DAC}.Release|Any CPU.ActiveCfg = Release|Any CPU
		{54D3C151-E1EA-48B5-8635-007DB2D87DAC}.Release|Any CPU.Build.0 = Release|Any CPU
		{CD069D1E-7CEC-4014-B565-2517F5F897C7}.Debug|Any CPU.ActiveCfg = Debug|Any CPU
		{CD069D1E-7CEC-4014-B565-2517F5F897C7}.Debug|Any CPU.Build.0 = Debug|Any CPU
		{CD069D1E-7CEC-4014-B565-2517F5F897C7}.Release|Any CPU.ActiveCfg = Release|Any CPU
		{CD069D1E-7CEC-4014-B565-2517F5F897C7}.Release|Any CPU.Build.0 = Release|Any CPU
		{4B7A7D38-C12B-40DA-91CE-02965EC5A600}.Debug|Any CPU.ActiveCfg = Debug|Any CPU
		{4B7A7D38-C12B-40DA-91CE-02965EC5A600}.Debug|Any CPU.Build.0 = Debug|Any CPU
		{4B7A7D38-C12B-40DA-91CE-02965EC5A600}.Release|Any CPU.ActiveCfg = Release|Any CPU
		{4B7A7D38-C12B-40DA-91CE-02965EC5A600}.Release|Any CPU.Build.0 = Release|Any CPU
		{F52F58C8-1877-4473-8BBD-7194FD398E58}.Debug|Any CPU.ActiveCfg = Debug|Any CPU
		{F52F58C8-1877-4473-8BBD-7194FD398E58}.Debug|Any CPU.Build.0 = Debug|Any CPU
		{F52F58C8-1877-4473-8BBD-7194FD398E58}.Release|Any CPU.ActiveCfg = Release|Any CPU
		{F52F58C8-1877-4473-8BBD-7194FD398E58}.Release|Any CPU.Build.0 = Release|Any CPU
		{90D5AFD4-FE3D-4808-8ED1-C856846464C1}.Debug|Any CPU.ActiveCfg = Debug|Any CPU
		{90D5AFD4-FE3D-4808-8ED1-C856846464C1}.Debug|Any CPU.Build.0 = Debug|Any CPU
		{90D5AFD4-FE3D-4808-8ED1-C856846464C1}.Release|Any CPU.ActiveCfg = Release|Any CPU
		{90D5AFD4-FE3D-4808-8ED1-C856846464C1}.Release|Any CPU.Build.0 = Release|Any CPU
		{A696740D-6145-47FF-8642-D5495925A083}.Debug|Any CPU.ActiveCfg = Debug|Any CPU
		{A696740D-6145-47FF-8642-D5495925A083}.Debug|Any CPU.Build.0 = Debug|Any CPU
		{A696740D-6145-47FF-8642-D5495925A083}.Release|Any CPU.ActiveCfg = Release|Any CPU
		{A696740D-6145-47FF-8642-D5495925A083}.Release|Any CPU.Build.0 = Release|Any CPU
	EndGlobalSection
	GlobalSection(SolutionProperties) = preSolution
		HideSolutionNode = FALSE
	EndGlobalSection
	GlobalSection(NestedProjects) = preSolution
		{B48E12FA-FBE9-4DC5-85EA-7607661A7139} = {4BDE78BB-4D3A-441C-AC26-639A3650B0CA}
		{54D3C151-E1EA-48B5-8635-007DB2D87DAC} = {D908AC46-357A-4A0B-8187-77932522DAC4}
		{CD069D1E-7CEC-4014-B565-2517F5F897C7} = {4BDE78BB-4D3A-441C-AC26-639A3650B0CA}
		{4B7A7D38-C12B-40DA-91CE-02965EC5A600} = {4BDE78BB-4D3A-441C-AC26-639A3650B0CA}
		{F52F58C8-1877-4473-8BBD-7194FD398E58} = {4BDE78BB-4D3A-441C-AC26-639A3650B0CA}
		{90D5AFD4-FE3D-4808-8ED1-C856846464C1} = {2E278046-CB9F-4AF8-83B0-0E162471114E}
		{A696740D-6145-47FF-8642-D5495925A083} = {D908AC46-357A-4A0B-8187-77932522DAC4}
	EndGlobalSection
	GlobalSection(ExtensibilityGlobals) = postSolution
		SolutionGuid = {F5B4D5A8-B670-4542-A551-5B7907E78FCD}
	EndGlobalSection
EndGlobal
